
Microsoft Visual Studio Solution File, Format Version 12.00
# Visual Studio Version 17
VisualStudioVersion = 17.4.33122.133
MinimumVisualStudioVersion = 10.0.40219.1
Project("{FAE04EC0-301F-11D3-BF4B-00C04F79EFBC}") = "WpfAppPOS", "WpfAppPOS\WpfAppPOS.csproj", "{1AA630CC-287C-472C-B5FB-F9E1DF2AFE06}"
EndProject
Project("{FAE04EC0-301F-11D3-BF4B-00C04F79EFBC}") = "entitati", "..\..\used\laburi\da\3.Lucrări de laborator rezolvate\7.Laborator numărul 8-9\WindowsFormsApplication\entitati\entitati.csproj", "{0514852D-902E-41B8-8410-C99C70CAB503}"
EndProject
Global
	GlobalSection(SolutionConfigurationPlatforms) = preSolution
		Debug|Any CPU = Debug|Any CPU
		Release|Any CPU = Release|Any CPU
	EndGlobalSection
	GlobalSection(ProjectConfigurationPlatforms) = postSolution
		{1AA630CC-287C-472C-B5FB-F9E1DF2AFE06}.Debug|Any CPU.ActiveCfg = Debug|Any CPU
		{1AA630CC-287C-472C-B5FB-F9E1DF2AFE06}.Debug|Any CPU.Build.0 = Debug|Any CPU
		{1AA630CC-287C-472C-B5FB-F9E1DF2AFE06}.Release|Any CPU.ActiveCfg = Release|Any CPU
		{1AA630CC-287C-472C-B5FB-F9E1DF2AFE06}.Release|Any CPU.Build.0 = Release|Any CPU
		{0514852D-902E-41B8-8410-C99C70CAB503}.Debug|Any CPU.ActiveCfg = Debug|Any CPU
		{0514852D-902E-41B8-8410-C99C70CAB503}.Debug|Any CPU.Build.0 = Debug|Any CPU
		{0514852D-902E-41B8-8410-C99C70CAB503}.Release|Any CPU.ActiveCfg = Release|Any CPU
		{0514852D-902E-41B8-8410-C99C70CAB503}.Release|Any CPU.Build.0 = Release|Any CPU
	EndGlobalSection
	GlobalSection(SolutionProperties) = preSolution
		HideSolutionNode = FALSE
	EndGlobalSection
	GlobalSection(ExtensibilityGlobals) = postSolution
		SolutionGuid = {3F136DBA-B260-4190-920A-3F0B04AD980A}
	EndGlobalSection
EndGlobal
